
Microsoft Visual Studio Solution File, Format Version 12.00
# Visual Studio Version 17
VisualStudioVersion = 17.1.32210.238
MinimumVisualStudioVersion = 10.0.40219.1
Project("{9A19103F-16F7-4668-BE54-9A1E7A4F7556}") = "VP_lab3", "VP_lab3\VP_lab3.csproj", "{3B23B634-792C-4BCB-B25A-AFDB99563E3A}"
EndProject
Project("{FAE04EC0-301F-11D3-BF4B-00C04F79EFBC}") = "VP_lab3-Tests", "VP_lab3-Tests\VP_lab3-Tests.csproj", "{EDB59ED0-91CF-4F86-B74C-74FF01724D46}"
EndProject
Global
	GlobalSection(SolutionConfigurationPlatforms) = preSolution
		Debug|Any CPU = Debug|Any CPU
		Release|Any CPU = Release|Any CPU
	EndGlobalSection
	GlobalSection(ProjectConfigurationPlatforms) = postSolution
		{3B23B634-792C-4BCB-B25A-AFDB99563E3A}.Debug|Any CPU.ActiveCfg = Debug|Any CPU
		{3B23B634-792C-4BCB-B25A-AFDB99563E3A}.Debug|Any CPU.Build.0 = Debug|Any CPU
		{3B23B634-792C-4BCB-B25A-AFDB99563E3A}.Release|Any CPU.ActiveCfg = Release|Any CPU
		{3B23B634-792C-4BCB-B25A-AFDB99563E3A}.Release|Any CPU.Build.0 = Release|Any CPU
		{EDB59ED0-91CF-4F86-B74C-74FF01724D46}.Debug|Any CPU.ActiveCfg = Debug|Any CPU
		{EDB59ED0-91CF-4F86-B74C-74FF01724D46}.Debug|Any CPU.Build.0 = Debug|Any CPU
		{EDB59ED0-91CF-4F86-B74C-74FF01724D46}.Release|Any CPU.ActiveCfg = Release|Any CPU
		{EDB59ED0-91CF-4F86-B74C-74FF01724D46}.Release|Any CPU.Build.0 = Release|Any CPU
	EndGlobalSection
	GlobalSection(SolutionProperties) = preSolution
		HideSolutionNode = FALSE
	EndGlobalSection
	GlobalSection(ExtensibilityGlobals) = postSolution
		SolutionGuid = {CE3BBDF5-0E2D-4850-A7B6-F3A6C89A0D4F}
	EndGlobalSection
EndGlobal
